
Microsoft Visual Studio Solution File, Format Version 12.00
# Visual Studio Version 17
VisualStudioVersion = 17.1.32210.238
MinimumVisualStudioVersion = 10.0.40219.1
Project("{9A19103F-16F7-4668-BE54-9A1E7A4F7556}") = "MainApp.BLL", "MainApp.BLL\MainApp.BLL.csproj", "{3018A640-9780-49A8-A25C-E4A5C5CBEBF0}"
EndProject
Project("{9A19103F-16F7-4668-BE54-9A1E7A4F7556}") = "MainApp.Web", "MainApp.Web\MainApp.Web.csproj", "{BBE892A9-3199-46B4-8428-4C2B6CC1C9E7}"
EndProject
Project("{9A19103F-16F7-4668-BE54-9A1E7A4F7556}") = "Tracking", "Tracking\Tracking.csproj", "{C70F8246-F5AF-445B-9A94-FDF182FB3907}"
EndProject
Project("{9A19103F-16F7-4668-BE54-9A1E7A4F7556}") = "MainAppUnitTests", "MainAppUnitTests\MainAppUnitTests.csproj", "{1B2268EA-666A-472D-B970-1B33080C4DDD}"
EndProject
Project("{9A19103F-16F7-4668-BE54-9A1E7A4F7556}") = "SendEmail.API", "SendEmail.API\SendEmail.API.csproj", "{A04EAE26-E7D2-4670-8416-26746E1552BF}"
EndProject
Project("{9A19103F-16F7-4668-BE54-9A1E7A4F7556}") = "TrackingTests", "TrackingTests\TrackingTests.csproj", "{78CD972E-855E-4ABE-ACDC-6C6D7095F92F}"
EndProject
Project("{9A19103F-16F7-4668-BE54-9A1E7A4F7556}") = "MainApp.Web.Tests", "MainApp.Web.Tests\MainApp.Web.Tests.csproj", "{DFA39BDD-AF1D-4E7D-8307-FF515D20608C}"
EndProject
Project("{9A19103F-16F7-4668-BE54-9A1E7A4F7556}") = "MainApp.BLL.Tests", "MainApp.BLL.Tests\MainApp.BLL.Tests.csproj", "{DCBD10E0-5CB8-4995-858C-F8DE6FFBBE21}"
EndProject
Global
	GlobalSection(SolutionConfigurationPlatforms) = preSolution
		Debug|Any CPU = Debug|Any CPU
		Release|Any CPU = Release|Any CPU
	EndGlobalSection
	GlobalSection(ProjectConfigurationPlatforms) = postSolution
		{3018A640-9780-49A8-A25C-E4A5C5CBEBF0}.Debug|Any CPU.ActiveCfg = Debug|Any CPU
		{3018A640-9780-49A8-A25C-E4A5C5CBEBF0}.Debug|Any CPU.Build.0 = Debug|Any CPU
		{3018A640-9780-49A8-A25C-E4A5C5CBEBF0}.Release|Any CPU.ActiveCfg = Release|Any CPU
		{3018A640-9780-49A8-A25C-E4A5C5CBEBF0}.Release|Any CPU.Build.0 = Release|Any CPU
		{BBE892A9-3199-46B4-8428-4C2B6CC1C9E7}.Debug|Any CPU.ActiveCfg = Debug|Any CPU
		{BBE892A9-3199-46B4-8428-4C2B6CC1C9E7}.Debug|Any CPU.Build.0 = Debug|Any CPU
		{BBE892A9-3199-46B4-8428-4C2B6CC1C9E7}.Release|Any CPU.ActiveCfg = Release|Any CPU
		{BBE892A9-3199-46B4-8428-4C2B6CC1C9E7}.Release|Any CPU.Build.0 = Release|Any CPU
		{C70F8246-F5AF-445B-9A94-FDF182FB3907}.Debug|Any CPU.ActiveCfg = Debug|Any CPU
		{C70F8246-F5AF-445B-9A94-FDF182FB3907}.Debug|Any CPU.Build.0 = Debug|Any CPU
		{C70F8246-F5AF-445B-9A94-FDF182FB3907}.Release|Any CPU.ActiveCfg = Release|Any CPU
		{C70F8246-F5AF-445B-9A94-FDF182FB3907}.Release|Any CPU.Build.0 = Release|Any CPU
		{1B2268EA-666A-472D-B970-1B33080C4DDD}.Debug|Any CPU.ActiveCfg = Debug|Any CPU
		{1B2268EA-666A-472D-B970-1B33080C4DDD}.Debug|Any CPU.Build.0 = Debug|Any CPU
		{1B2268EA-666A-472D-B970-1B33080C4DDD}.Release|Any CPU.ActiveCfg = Release|Any CPU
		{1B2268EA-666A-472D-B970-1B33080C4DDD}.Release|Any CPU.Build.0 = Release|Any CPU
		{A04EAE26-E7D2-4670-8416-26746E1552BF}.Debug|Any CPU.ActiveCfg = Debug|Any CPU
		{A04EAE26-E7D2-4670-8416-26746E1552BF}.Debug|Any CPU.Build.0 = Debug|Any CPU
		{A04EAE26-E7D2-4670-8416-26746E1552BF}.Release|Any CPU.ActiveCfg = Release|Any CPU
		{A04EAE26-E7D2-4670-8416-26746E1552BF}.Release|Any CPU.Build.0 = Release|Any CPU
		{78CD972E-855E-4ABE-ACDC-6C6D7095F92F}.Debug|Any CPU.ActiveCfg = Debug|Any CPU
		{78CD972E-855E-4ABE-ACDC-6C6D7095F92F}.Debug|Any CPU.Build.0 = Debug|Any CPU
		{78CD972E-855E-4ABE-ACDC-6C6D7095F92F}.Release|Any CPU.ActiveCfg = Release|Any CPU
		{78CD972E-855E-4ABE-ACDC-6C6D7095F92F}.Release|Any CPU.Build.0 = Release|Any CPU
		{DFA39BDD-AF1D-4E7D-8307-FF515D20608C}.Debug|Any CPU.ActiveCfg = Debug|Any CPU
		{DFA39BDD-AF1D-4E7D-8307-FF515D20608C}.Debug|Any CPU.Build.0 = Debug|Any CPU
		{DFA39BDD-AF1D-4E7D-8307-FF515D20608C}.Release|Any CPU.ActiveCfg = Release|Any CPU
		{DFA39BDD-AF1D-4E7D-8307-FF515D20608C}.Release|Any CPU.Build.0 = Release|Any CPU
		{DCBD10E0-5CB8-4995-858C-F8DE6FFBBE21}.Debug|Any CPU.ActiveCfg = Debug|Any CPU
		{DCBD10E0-5CB8-4995-858C-F8DE6FFBBE21}.Debug|Any CPU.Build.0 = Debug|Any CPU
		{DCBD10E0-5CB8-4995-858C-F8DE6FFBBE21}.Release|Any CPU.ActiveCfg = Release|Any CPU
		{DCBD10E0-5CB8-4995-858C-F8DE6FFBBE21}.Release|Any CPU.Build.0 = Release|Any CPU
	EndGlobalSection
	GlobalSection(SolutionProperties) = preSolution
		HideSolutionNode = FALSE
	EndGlobalSection
	GlobalSection(ExtensibilityGlobals) = postSolution
		SolutionGuid = {1D999ED3-1C91-4606-8D22-656736E27CDC}
	EndGlobalSection
EndGlobal
