
Microsoft Visual Studio Solution File, Format Version 12.00
# Visual Studio Version 17
VisualStudioVersion = 17.1.32210.238
MinimumVisualStudioVersion = 10.0.40219.1
Project("{9A19103F-16F7-4668-BE54-9A1E7A4F7556}") = "MainApp.BLL", "MainApp.BLL\MainApp.BLL.csproj", "{3018A640-9780-49A8-A25C-E4A5C5CBEBF0}"
EndProject
Project("{9A19103F-16F7-4668-BE54-9A1E7A4F7556}") = "MainApp.Web", "MainApp.Web\MainApp.Web.csproj", "{BBE892A9-3199-46B4-8428-4C2B6CC1C9E7}"
EndProject
Project("{9A19103F-16F7-4668-BE54-9A1E7A4F7556}") = "Tracking", "Tracking\Tracking.csproj", "{C70F8246-F5AF-445B-9A94-FDF182FB3907}"
EndProject
Project("{9A19103F-16F7-4668-BE54-9A1E7A4F7556}") = "MainAppUnitTests", "MainAppUnitTests\MainAppUnitTests.csproj", "{1B2268EA-666A-472D-B970-1B33080C4DDD}"
EndProject
Project("{9A19103F-16F7-4668-BE54-9A1E7A4F7556}") = "MainAppIntegrationTests", "MainAppIntegrationTests\MainAppIntegrationTests.csproj", "{9666A4C4-CB0F-4D21-BD85-A9B3943EF12D}"
EndProject
Project("{FAE04EC0-301F-11D3-BF4B-00C04F79EFBC}") = "SendEmail.API", "SendEmail.API\SendEmail.API.csproj", "{A04EAE26-E7D2-4670-8416-26746E1552BF}"
EndProject
Global
	GlobalSection(SolutionConfigurationPlatforms) = preSolution
		Debug|Any CPU = Debug|Any CPU
		Release|Any CPU = Release|Any CPU
	EndGlobalSection
	GlobalSection(ProjectConfigurationPlatforms) = postSolution
		{3018A640-9780-49A8-A25C-E4A5C5CBEBF0}.Debug|Any CPU.ActiveCfg = Debug|Any CPU
		{3018A640-9780-49A8-A25C-E4A5C5CBEBF0}.Debug|Any CPU.Build.0 = Debug|Any CPU
		{3018A640-9780-49A8-A25C-E4A5C5CBEBF0}.Release|Any CPU.ActiveCfg = Release|Any CPU
		{3018A640-9780-49A8-A25C-E4A5C5CBEBF0}.Release|Any CPU.Build.0 = Release|Any CPU
		{BBE892A9-3199-46B4-8428-4C2B6CC1C9E7}.Debug|Any CPU.ActiveCfg = Debug|Any CPU
		{BBE892A9-3199-46B4-8428-4C2B6CC1C9E7}.Debug|Any CPU.Build.0 = Debug|Any CPU
		{BBE892A9-3199-46B4-8428-4C2B6CC1C9E7}.Release|Any CPU.ActiveCfg = Release|Any CPU
		{BBE892A9-3199-46B4-8428-4C2B6CC1C9E7}.Release|Any CPU.Build.0 = Release|Any CPU
		{C70F8246-F5AF-445B-9A94-FDF182FB3907}.Debug|Any CPU.ActiveCfg = Debug|Any CPU
		{C70F8246-F5AF-445B-9A94-FDF182FB3907}.Debug|Any CPU.Build.0 = Debug|Any CPU
		{C70F8246-F5AF-445B-9A94-FDF182FB3907}.Release|Any CPU.ActiveCfg = Release|Any CPU
		{C70F8246-F5AF-445B-9A94-FDF182FB3907}.Release|Any CPU.Build.0 = Release|Any CPU
		{1B2268EA-666A-472D-B970-1B33080C4DDD}.Debug|Any CPU.ActiveCfg = Debug|Any CPU
		{1B2268EA-666A-472D-B970-1B33080C4DDD}.Debug|Any CPU.Build.0 = Debug|Any CPU
		{1B2268EA-666A-472D-B970-1B33080C4DDD}.Release|Any CPU.ActiveCfg = Release|Any CPU
		{1B2268EA-666A-472D-B970-1B33080C4DDD}.Release|Any CPU.Build.0 = Release|Any CPU
		{9666A4C4-CB0F-4D21-BD85-A9B3943EF12D}.Debug|Any CPU.ActiveCfg = Debug|Any CPU
		{9666A4C4-CB0F-4D21-BD85-A9B3943EF12D}.Debug|Any CPU.Build.0 = Debug|Any CPU
		{9666A4C4-CB0F-4D21-BD85-A9B3943EF12D}.Release|Any CPU.ActiveCfg = Release|Any CPU
		{9666A4C4-CB0F-4D21-BD85-A9B3943EF12D}.Release|Any CPU.Build.0 = Release|Any CPU
		{A04EAE26-E7D2-4670-8416-26746E1552BF}.Debug|Any CPU.ActiveCfg = Debug|Any CPU
		{A04EAE26-E7D2-4670-8416-26746E1552BF}.Debug|Any CPU.Build.0 = Debug|Any CPU
		{A04EAE26-E7D2-4670-8416-26746E1552BF}.Release|Any CPU.ActiveCfg = Release|Any CPU
		{A04EAE26-E7D2-4670-8416-26746E1552BF}.Release|Any CPU.Build.0 = Release|Any CPU
	EndGlobalSection
	GlobalSection(SolutionProperties) = preSolution
		HideSolutionNode = FALSE
	EndGlobalSection
	GlobalSection(ExtensibilityGlobals) = postSolution
		SolutionGuid = {1D999ED3-1C91-4606-8D22-656736E27CDC}
	EndGlobalSection
EndGlobal
